
Microsoft Visual Studio Solution File, Format Version 12.00
# Visual Studio Version 17
VisualStudioVersion = 17.11.35327.3
MinimumVisualStudioVersion = 10.0.40219.1
Project("{FAE04EC0-301F-11D3-BF4B-00C04F79EFBC}") = "ConsoleApp1", "ConsoleApp1.csproj", "{CC540201-5304-468C-86BA-CA63E271CDCC}"
EndProject
Global
	GlobalSection(SolutionConfigurationPlatforms) = preSolution
		Debug|Any CPU = Debug|Any CPU
		Release|Any CPU = Release|Any CPU
	EndGlobalSection
	GlobalSection(ProjectConfigurationPlatforms) = postSolution
		{CC540201-5304-468C-86BA-CA63E271CDCC}.Debug|Any CPU.ActiveCfg = Debug|Any CPU
		{CC540201-5304-468C-86BA-CA63E271CDCC}.Debug|Any CPU.Build.0 = Debug|Any CPU
		{CC540201-5304-468C-86BA-CA63E271CDCC}.Release|Any CPU.ActiveCfg = Release|Any CPU
		{CC540201-5304-468C-86BA-CA63E271CDCC}.Release|Any CPU.Build.0 = Release|Any CPU
	EndGlobalSection
	GlobalSection(SolutionProperties) = preSolution
		HideSolutionNode = FALSE
	EndGlobalSection
	GlobalSection(ExtensibilityGlobals) = postSolution
		SolutionGuid = {867FB142-0D65-4D6D-BA69-C4687C34B729}
	EndGlobalSection
EndGlobal
